
Microsoft Visual Studio Solution File, Format Version 12.00
# Visual Studio Version 17
VisualStudioVersion = 17.6.33829.357
MinimumVisualStudioVersion = 10.0.40219.1
Project("{FAE04EC0-301F-11D3-BF4B-00C04F79EFBC}") = "Exercicio1", "Exercicio1\Exercicio1.csproj", "{87206740-3DD9-42A1-8DA6-4244600D5634}"
EndProject
Global
	GlobalSection(SolutionConfigurationPlatforms) = preSolution
		Debug|Any CPU = Debug|Any CPU
		Release|Any CPU = Release|Any CPU
	EndGlobalSection
	GlobalSection(ProjectConfigurationPlatforms) = postSolution
		{87206740-3DD9-42A1-8DA6-4244600D5634}.Debug|Any CPU.ActiveCfg = Debug|Any CPU
		{87206740-3DD9-42A1-8DA6-4244600D5634}.Debug|Any CPU.Build.0 = Debug|Any CPU
		{87206740-3DD9-42A1-8DA6-4244600D5634}.Release|Any CPU.ActiveCfg = Release|Any CPU
		{87206740-3DD9-42A1-8DA6-4244600D5634}.Release|Any CPU.Build.0 = Release|Any CPU
	EndGlobalSection
	GlobalSection(SolutionProperties) = preSolution
		HideSolutionNode = FALSE
	EndGlobalSection
	GlobalSection(ExtensibilityGlobals) = postSolution
		SolutionGuid = {EF234242-3F96-4A6B-A062-2E32345AB03C}
	EndGlobalSection
EndGlobal
